
Microsoft Visual Studio Solution File, Format Version 12.00
# Visual Studio Version 16
VisualStudioVersion = 16.0.29728.190
MinimumVisualStudioVersion = 10.0.40219.1
Project("{9A19103F-16F7-4668-BE54-9A1E7A4F7556}") = "Bolt", "Json\Bolt.csproj", "{39D6B8A7-30F0-48A0-A710-B11BBF0ADCCE}"
EndProject
Global
	GlobalSection(SolutionConfigurationPlatforms) = preSolution
		Debug|Any CPU = Debug|Any CPU
		Release|Any CPU = Release|Any CPU
	EndGlobalSection
	GlobalSection(ProjectConfigurationPlatforms) = postSolution
		{39D6B8A7-30F0-48A0-A710-B11BBF0ADCCE}.Debug|Any CPU.ActiveCfg = Debug|Any CPU
		{39D6B8A7-30F0-48A0-A710-B11BBF0ADCCE}.Debug|Any CPU.Build.0 = Debug|Any CPU
		{39D6B8A7-30F0-48A0-A710-B11BBF0ADCCE}.Release|Any CPU.ActiveCfg = Release|Any CPU
		{39D6B8A7-30F0-48A0-A710-B11BBF0ADCCE}.Release|Any CPU.Build.0 = Release|Any CPU
	EndGlobalSection
	GlobalSection(SolutionProperties) = preSolution
		HideSolutionNode = FALSE
	EndGlobalSection
	GlobalSection(ExtensibilityGlobals) = postSolution
		SolutionGuid = {78454A04-8982-4B39-876B-8E302E348221}
	EndGlobalSection
EndGlobal
