
Microsoft Visual Studio Solution File, Format Version 12.00
# Visual Studio Version 16
VisualStudioVersion = 16.0.29728.190
MinimumVisualStudioVersion = 10.0.40219.1
Project("{FAE04EC0-301F-11D3-BF4B-00C04F79EFBC}") = "Bolt", "Json\Bolt.csproj", "{39D6B8A7-30F0-48A0-A710-B11BBF0ADCCE}"
EndProject
Project("{FAE04EC0-301F-11D3-BF4B-00C04F79EFBC}") = "Test", "Test\Test.csproj", "{ABB3B7DB-A4F6-480A-92E1-F393854696B6}"
EndProject
Global
	GlobalSection(SolutionConfigurationPlatforms) = preSolution
		Debug|Any CPU = Debug|Any CPU
		Release|Any CPU = Release|Any CPU
	EndGlobalSection
	GlobalSection(ProjectConfigurationPlatforms) = postSolution
		{39D6B8A7-30F0-48A0-A710-B11BBF0ADCCE}.Debug|Any CPU.ActiveCfg = Debug|Any CPU
		{39D6B8A7-30F0-48A0-A710-B11BBF0ADCCE}.Debug|Any CPU.Build.0 = Debug|Any CPU
		{39D6B8A7-30F0-48A0-A710-B11BBF0ADCCE}.Release|Any CPU.ActiveCfg = Release|Any CPU
		{39D6B8A7-30F0-48A0-A710-B11BBF0ADCCE}.Release|Any CPU.Build.0 = Release|Any CPU
		{ABB3B7DB-A4F6-480A-92E1-F393854696B6}.Debug|Any CPU.ActiveCfg = Debug|Any CPU
		{ABB3B7DB-A4F6-480A-92E1-F393854696B6}.Debug|Any CPU.Build.0 = Debug|Any CPU
		{ABB3B7DB-A4F6-480A-92E1-F393854696B6}.Release|Any CPU.ActiveCfg = Release|Any CPU
		{ABB3B7DB-A4F6-480A-92E1-F393854696B6}.Release|Any CPU.Build.0 = Release|Any CPU
	EndGlobalSection
	GlobalSection(SolutionProperties) = preSolution
		HideSolutionNode = FALSE
	EndGlobalSection
	GlobalSection(ExtensibilityGlobals) = postSolution
		SolutionGuid = {78454A04-8982-4B39-876B-8E302E348221}
	EndGlobalSection
EndGlobal
